
Microsoft Visual Studio Solution File, Format Version 12.00
# Visual Studio Version 16
VisualStudioVersion = 25.0.1706.7
MinimumVisualStudioVersion = 10.0.40219.1
Project("{FAE04EC0-301F-11D3-BF4B-00C04F79EFBC}") = "24", "24.csproj", "{534CB751-E04F-47F0-81AA-4C65843868A3}"
EndProject
Global
	GlobalSection(SolutionConfigurationPlatforms) = preSolution
		Debug|Any CPU = Debug|Any CPU
		Release|Any CPU = Release|Any CPU
	EndGlobalSection
	GlobalSection(ProjectConfigurationPlatforms) = postSolution
		{534CB751-E04F-47F0-81AA-4C65843868A3}.Debug|Any CPU.ActiveCfg = Debug|Any CPU
		{534CB751-E04F-47F0-81AA-4C65843868A3}.Debug|Any CPU.Build.0 = Debug|Any CPU
		{534CB751-E04F-47F0-81AA-4C65843868A3}.Release|Any CPU.ActiveCfg = Release|Any CPU
		{534CB751-E04F-47F0-81AA-4C65843868A3}.Release|Any CPU.Build.0 = Release|Any CPU
	EndGlobalSection
	GlobalSection(SolutionProperties) = preSolution
		HideSolutionNode = FALSE
	EndGlobalSection
	GlobalSection(ExtensibilityGlobals) = postSolution
		SolutionGuid = {16B85468-1205-47EA-ABED-7DFA50FA7383}
	EndGlobalSection
EndGlobal
