
Microsoft Visual Studio Solution File, Format Version 12.00
# Visual Studio Version 16
VisualStudioVersion = 25.0.1706.7
MinimumVisualStudioVersion = 10.0.40219.1
Project("{FAE04EC0-301F-11D3-BF4B-00C04F79EFBC}") = "22", "22.csproj", "{2582700F-792C-4425-B47A-0799CC4910BE}"
EndProject
Global
	GlobalSection(SolutionConfigurationPlatforms) = preSolution
		Debug|Any CPU = Debug|Any CPU
		Release|Any CPU = Release|Any CPU
	EndGlobalSection
	GlobalSection(ProjectConfigurationPlatforms) = postSolution
		{2582700F-792C-4425-B47A-0799CC4910BE}.Debug|Any CPU.ActiveCfg = Debug|Any CPU
		{2582700F-792C-4425-B47A-0799CC4910BE}.Debug|Any CPU.Build.0 = Debug|Any CPU
		{2582700F-792C-4425-B47A-0799CC4910BE}.Release|Any CPU.ActiveCfg = Release|Any CPU
		{2582700F-792C-4425-B47A-0799CC4910BE}.Release|Any CPU.Build.0 = Release|Any CPU
	EndGlobalSection
	GlobalSection(SolutionProperties) = preSolution
		HideSolutionNode = FALSE
	EndGlobalSection
	GlobalSection(ExtensibilityGlobals) = postSolution
		SolutionGuid = {CEC9ECD0-E6A9-46BC-91DE-B68A0405A4E6}
	EndGlobalSection
EndGlobal
