
Microsoft Visual Studio Solution File, Format Version 12.00
# Visual Studio Version 16
VisualStudioVersion = 25.0.1706.7
MinimumVisualStudioVersion = 10.0.40219.1
Project("{FAE04EC0-301F-11D3-BF4B-00C04F79EFBC}") = "12", "12.csproj", "{4DCF3570-B3CF-4D31-844F-1373D65B4067}"
EndProject
Project("{FAE04EC0-301F-11D3-BF4B-00C04F79EFBC}") = "14", "..\..\2021\14\14.csproj", "{1911DAA7-CF07-4E3F-ADF7-4A2F88886FB2}"
EndProject
Project("{FAE04EC0-301F-11D3-BF4B-00C04F79EFBC}") = "15", "..\..\2021\15\15.csproj", "{B2A2A1E6-BF17-425A-AA7E-B0DA16168F22}"
EndProject
Project("{FAE04EC0-301F-11D3-BF4B-00C04F79EFBC}") = "16", "..\..\2021\16\16.csproj", "{69E2638A-F2B0-4143-B2D3-99A98D6E8375}"
EndProject
Project("{FAE04EC0-301F-11D3-BF4B-00C04F79EFBC}") = "17", "..\..\2021\17\17.csproj", "{3E6378B5-98A4-43C8-A3B4-557F638BF79F}"
EndProject
Project("{FAE04EC0-301F-11D3-BF4B-00C04F79EFBC}") = "18", "..\..\2021\18\18.csproj", "{47BFFE29-0B35-45A3-B659-0E478E3C74C7}"
EndProject
Project("{FAE04EC0-301F-11D3-BF4B-00C04F79EFBC}") = "19", "..\..\2021\19\19.csproj", "{5FE1CBD6-AB9A-4FFB-BF4F-13E59C0D23FF}"
EndProject
Project("{FAE04EC0-301F-11D3-BF4B-00C04F79EFBC}") = "20", "..\..\2021\20\20.csproj", "{9D7908C8-1783-4A91-9D3A-AEF21FE9C44B}"
EndProject
Project("{FAE04EC0-301F-11D3-BF4B-00C04F79EFBC}") = "01", "..\..\2024\01\01.csproj", "{0F5D8B18-D81A-4802-B885-80045ED027FF}"
EndProject
Project("{FAE04EC0-301F-11D3-BF4B-00C04F79EFBC}") = "02", "..\..\2024\02\02.csproj", "{FCCFA0DB-F54A-48AD-94F7-E4B27539AC1A}"
EndProject
Project("{FAE04EC0-301F-11D3-BF4B-00C04F79EFBC}") = "03", "..\..\2024\03\03.csproj", "{50CEAA70-860D-4E58-A36A-3E7D954F756D}"
EndProject
Project("{FAE04EC0-301F-11D3-BF4B-00C04F79EFBC}") = "04", "..\..\2024\04\04.csproj", "{81864446-A40F-4160-BF39-C018B6714469}"
EndProject
Project("{FAE04EC0-301F-11D3-BF4B-00C04F79EFBC}") = "05", "..\..\2024\05\05.csproj", "{6C185801-00EC-475E-8E7F-E874D62DF4A0}"
EndProject
Project("{FAE04EC0-301F-11D3-BF4B-00C04F79EFBC}") = "06", "..\..\2024\06\06.csproj", "{51CEC185-F31F-4058-9D6C-C50246A67648}"
EndProject
Project("{FAE04EC0-301F-11D3-BF4B-00C04F79EFBC}") = "07", "..\..\2024\07\07.csproj", "{1170A293-BD15-498B-933E-8DBBF3B490C1}"
EndProject
Project("{FAE04EC0-301F-11D3-BF4B-00C04F79EFBC}") = "08", "..\..\2024\08\08.csproj", "{5E0DBF6F-410B-457B-96F0-7C3D2B2996B7}"
EndProject
Project("{FAE04EC0-301F-11D3-BF4B-00C04F79EFBC}") = "09", "..\..\2024\09\09.csproj", "{E39C354D-6252-41ED-9CDE-09372F1CDA99}"
EndProject
Project("{FAE04EC0-301F-11D3-BF4B-00C04F79EFBC}") = "10", "..\..\2024\10\10.csproj", "{4E6435DE-F221-4BDC-90CD-7753648F6432}"
EndProject
Project("{FAE04EC0-301F-11D3-BF4B-00C04F79EFBC}") = "11", "..\..\2024\11\11.csproj", "{5FC1CB03-85FA-4E3E-A566-0670560494DF}"
EndProject
Project("{FAE04EC0-301F-11D3-BF4B-00C04F79EFBC}") = "12", "..\..\2024\12\12.csproj", "{C4F8AA99-103C-41DB-BCA8-5AC1812AB4EF}"
EndProject
Project("{FAE04EC0-301F-11D3-BF4B-00C04F79EFBC}") = "13", "..\..\2024\13\13.csproj", "{98BBC739-4C0B-4463-9F52-30AC8C8D4BFD}"
EndProject
Global
	GlobalSection(SolutionConfigurationPlatforms) = preSolution
		Debug|Any CPU = Debug|Any CPU
		Release|Any CPU = Release|Any CPU
	EndGlobalSection
	GlobalSection(ProjectConfigurationPlatforms) = postSolution
		{4DCF3570-B3CF-4D31-844F-1373D65B4067}.Debug|Any CPU.ActiveCfg = Debug|Any CPU
		{4DCF3570-B3CF-4D31-844F-1373D65B4067}.Debug|Any CPU.Build.0 = Debug|Any CPU
		{4DCF3570-B3CF-4D31-844F-1373D65B4067}.Release|Any CPU.ActiveCfg = Release|Any CPU
		{4DCF3570-B3CF-4D31-844F-1373D65B4067}.Release|Any CPU.Build.0 = Release|Any CPU
		{1911DAA7-CF07-4E3F-ADF7-4A2F88886FB2}.Debug|Any CPU.ActiveCfg = Debug|Any CPU
		{1911DAA7-CF07-4E3F-ADF7-4A2F88886FB2}.Debug|Any CPU.Build.0 = Debug|Any CPU
		{1911DAA7-CF07-4E3F-ADF7-4A2F88886FB2}.Release|Any CPU.ActiveCfg = Release|Any CPU
		{1911DAA7-CF07-4E3F-ADF7-4A2F88886FB2}.Release|Any CPU.Build.0 = Release|Any CPU
		{B2A2A1E6-BF17-425A-AA7E-B0DA16168F22}.Debug|Any CPU.ActiveCfg = Debug|Any CPU
		{B2A2A1E6-BF17-425A-AA7E-B0DA16168F22}.Debug|Any CPU.Build.0 = Debug|Any CPU
		{B2A2A1E6-BF17-425A-AA7E-B0DA16168F22}.Release|Any CPU.ActiveCfg = Release|Any CPU
		{B2A2A1E6-BF17-425A-AA7E-B0DA16168F22}.Release|Any CPU.Build.0 = Release|Any CPU
		{69E2638A-F2B0-4143-B2D3-99A98D6E8375}.Debug|Any CPU.ActiveCfg = Debug|Any CPU
		{69E2638A-F2B0-4143-B2D3-99A98D6E8375}.Debug|Any CPU.Build.0 = Debug|Any CPU
		{69E2638A-F2B0-4143-B2D3-99A98D6E8375}.Release|Any CPU.ActiveCfg = Release|Any CPU
		{69E2638A-F2B0-4143-B2D3-99A98D6E8375}.Release|Any CPU.Build.0 = Release|Any CPU
		{3E6378B5-98A4-43C8-A3B4-557F638BF79F}.Debug|Any CPU.ActiveCfg = Debug|Any CPU
		{3E6378B5-98A4-43C8-A3B4-557F638BF79F}.Debug|Any CPU.Build.0 = Debug|Any CPU
		{3E6378B5-98A4-43C8-A3B4-557F638BF79F}.Release|Any CPU.ActiveCfg = Release|Any CPU
		{3E6378B5-98A4-43C8-A3B4-557F638BF79F}.Release|Any CPU.Build.0 = Release|Any CPU
		{47BFFE29-0B35-45A3-B659-0E478E3C74C7}.Debug|Any CPU.ActiveCfg = Debug|Any CPU
		{47BFFE29-0B35-45A3-B659-0E478E3C74C7}.Debug|Any CPU.Build.0 = Debug|Any CPU
		{47BFFE29-0B35-45A3-B659-0E478E3C74C7}.Release|Any CPU.ActiveCfg = Release|Any CPU
		{47BFFE29-0B35-45A3-B659-0E478E3C74C7}.Release|Any CPU.Build.0 = Release|Any CPU
		{5FE1CBD6-AB9A-4FFB-BF4F-13E59C0D23FF}.Debug|Any CPU.ActiveCfg = Debug|Any CPU
		{5FE1CBD6-AB9A-4FFB-BF4F-13E59C0D23FF}.Debug|Any CPU.Build.0 = Debug|Any CPU
		{5FE1CBD6-AB9A-4FFB-BF4F-13E59C0D23FF}.Release|Any CPU.ActiveCfg = Release|Any CPU
		{5FE1CBD6-AB9A-4FFB-BF4F-13E59C0D23FF}.Release|Any CPU.Build.0 = Release|Any CPU
		{9D7908C8-1783-4A91-9D3A-AEF21FE9C44B}.Debug|Any CPU.ActiveCfg = Debug|Any CPU
		{9D7908C8-1783-4A91-9D3A-AEF21FE9C44B}.Debug|Any CPU.Build.0 = Debug|Any CPU
		{9D7908C8-1783-4A91-9D3A-AEF21FE9C44B}.Release|Any CPU.ActiveCfg = Release|Any CPU
		{9D7908C8-1783-4A91-9D3A-AEF21FE9C44B}.Release|Any CPU.Build.0 = Release|Any CPU
		{0F5D8B18-D81A-4802-B885-80045ED027FF}.Debug|Any CPU.ActiveCfg = Debug|Any CPU
		{0F5D8B18-D81A-4802-B885-80045ED027FF}.Debug|Any CPU.Build.0 = Debug|Any CPU
		{0F5D8B18-D81A-4802-B885-80045ED027FF}.Release|Any CPU.ActiveCfg = Release|Any CPU
		{0F5D8B18-D81A-4802-B885-80045ED027FF}.Release|Any CPU.Build.0 = Release|Any CPU
		{FCCFA0DB-F54A-48AD-94F7-E4B27539AC1A}.Debug|Any CPU.ActiveCfg = Debug|Any CPU
		{FCCFA0DB-F54A-48AD-94F7-E4B27539AC1A}.Debug|Any CPU.Build.0 = Debug|Any CPU
		{FCCFA0DB-F54A-48AD-94F7-E4B27539AC1A}.Release|Any CPU.ActiveCfg = Release|Any CPU
		{FCCFA0DB-F54A-48AD-94F7-E4B27539AC1A}.Release|Any CPU.Build.0 = Release|Any CPU
		{50CEAA70-860D-4E58-A36A-3E7D954F756D}.Debug|Any CPU.ActiveCfg = Debug|Any CPU
		{50CEAA70-860D-4E58-A36A-3E7D954F756D}.Debug|Any CPU.Build.0 = Debug|Any CPU
		{50CEAA70-860D-4E58-A36A-3E7D954F756D}.Release|Any CPU.ActiveCfg = Release|Any CPU
		{50CEAA70-860D-4E58-A36A-3E7D954F756D}.Release|Any CPU.Build.0 = Release|Any CPU
		{81864446-A40F-4160-BF39-C018B6714469}.Debug|Any CPU.ActiveCfg = Debug|Any CPU
		{81864446-A40F-4160-BF39-C018B6714469}.Debug|Any CPU.Build.0 = Debug|Any CPU
		{81864446-A40F-4160-BF39-C018B6714469}.Release|Any CPU.ActiveCfg = Release|Any CPU
		{81864446-A40F-4160-BF39-C018B6714469}.Release|Any CPU.Build.0 = Release|Any CPU
		{6C185801-00EC-475E-8E7F-E874D62DF4A0}.Debug|Any CPU.ActiveCfg = Debug|Any CPU
		{6C185801-00EC-475E-8E7F-E874D62DF4A0}.Debug|Any CPU.Build.0 = Debug|Any CPU
		{6C185801-00EC-475E-8E7F-E874D62DF4A0}.Release|Any CPU.ActiveCfg = Release|Any CPU
		{6C185801-00EC-475E-8E7F-E874D62DF4A0}.Release|Any CPU.Build.0 = Release|Any CPU
		{51CEC185-F31F-4058-9D6C-C50246A67648}.Debug|Any CPU.ActiveCfg = Debug|Any CPU
		{51CEC185-F31F-4058-9D6C-C50246A67648}.Debug|Any CPU.Build.0 = Debug|Any CPU
		{51CEC185-F31F-4058-9D6C-C50246A67648}.Release|Any CPU.ActiveCfg = Release|Any CPU
		{51CEC185-F31F-4058-9D6C-C50246A67648}.Release|Any CPU.Build.0 = Release|Any CPU
		{1170A293-BD15-498B-933E-8DBBF3B490C1}.Debug|Any CPU.ActiveCfg = Debug|Any CPU
		{1170A293-BD15-498B-933E-8DBBF3B490C1}.Debug|Any CPU.Build.0 = Debug|Any CPU
		{1170A293-BD15-498B-933E-8DBBF3B490C1}.Release|Any CPU.ActiveCfg = Release|Any CPU
		{1170A293-BD15-498B-933E-8DBBF3B490C1}.Release|Any CPU.Build.0 = Release|Any CPU
		{5E0DBF6F-410B-457B-96F0-7C3D2B2996B7}.Debug|Any CPU.ActiveCfg = Debug|Any CPU
		{5E0DBF6F-410B-457B-96F0-7C3D2B2996B7}.Debug|Any CPU.Build.0 = Debug|Any CPU
		{5E0DBF6F-410B-457B-96F0-7C3D2B2996B7}.Release|Any CPU.ActiveCfg = Release|Any CPU
		{5E0DBF6F-410B-457B-96F0-7C3D2B2996B7}.Release|Any CPU.Build.0 = Release|Any CPU
		{E39C354D-6252-41ED-9CDE-09372F1CDA99}.Debug|Any CPU.ActiveCfg = Debug|Any CPU
		{E39C354D-6252-41ED-9CDE-09372F1CDA99}.Debug|Any CPU.Build.0 = Debug|Any CPU
		{E39C354D-6252-41ED-9CDE-09372F1CDA99}.Release|Any CPU.ActiveCfg = Release|Any CPU
		{E39C354D-6252-41ED-9CDE-09372F1CDA99}.Release|Any CPU.Build.0 = Release|Any CPU
		{4E6435DE-F221-4BDC-90CD-7753648F6432}.Debug|Any CPU.ActiveCfg = Debug|Any CPU
		{4E6435DE-F221-4BDC-90CD-7753648F6432}.Debug|Any CPU.Build.0 = Debug|Any CPU
		{4E6435DE-F221-4BDC-90CD-7753648F6432}.Release|Any CPU.ActiveCfg = Release|Any CPU
		{4E6435DE-F221-4BDC-90CD-7753648F6432}.Release|Any CPU.Build.0 = Release|Any CPU
		{5FC1CB03-85FA-4E3E-A566-0670560494DF}.Debug|Any CPU.ActiveCfg = Debug|Any CPU
		{5FC1CB03-85FA-4E3E-A566-0670560494DF}.Debug|Any CPU.Build.0 = Debug|Any CPU
		{5FC1CB03-85FA-4E3E-A566-0670560494DF}.Release|Any CPU.ActiveCfg = Release|Any CPU
		{5FC1CB03-85FA-4E3E-A566-0670560494DF}.Release|Any CPU.Build.0 = Release|Any CPU
		{C4F8AA99-103C-41DB-BCA8-5AC1812AB4EF}.Debug|Any CPU.ActiveCfg = Debug|Any CPU
		{C4F8AA99-103C-41DB-BCA8-5AC1812AB4EF}.Debug|Any CPU.Build.0 = Debug|Any CPU
		{C4F8AA99-103C-41DB-BCA8-5AC1812AB4EF}.Release|Any CPU.ActiveCfg = Release|Any CPU
		{C4F8AA99-103C-41DB-BCA8-5AC1812AB4EF}.Release|Any CPU.Build.0 = Release|Any CPU
		{98BBC739-4C0B-4463-9F52-30AC8C8D4BFD}.Debug|Any CPU.ActiveCfg = Debug|Any CPU
		{98BBC739-4C0B-4463-9F52-30AC8C8D4BFD}.Debug|Any CPU.Build.0 = Debug|Any CPU
		{98BBC739-4C0B-4463-9F52-30AC8C8D4BFD}.Release|Any CPU.ActiveCfg = Release|Any CPU
		{98BBC739-4C0B-4463-9F52-30AC8C8D4BFD}.Release|Any CPU.Build.0 = Release|Any CPU
	EndGlobalSection
	GlobalSection(SolutionProperties) = preSolution
		HideSolutionNode = FALSE
	EndGlobalSection
	GlobalSection(ExtensibilityGlobals) = postSolution
		SolutionGuid = {2259EBDB-D56D-4E5C-B3CE-614ACA17959A}
	EndGlobalSection
EndGlobal
